// !$*UTF8*$!
{
	archiveVersion = 1;
	classes = {
	};
	objectVersion = 48;
	objects = {

/* Begin PBXBuildFile section */
		0445921A1FB34CD800993773 /* LeagueVC.swift in Sources */ = {isa = PBXBuildFile; fileRef = 044592191FB34CD800993773 /* LeagueVC.swift */; };
		0445921C1FB34D0500993773 /* SkillVC.swift in Sources */ = {isa = PBXBuildFile; fileRef = 0445921B1FB34D0500993773 /* SkillVC.swift */; };
		048CAE281FB210D80010CF20 /* AppDelegate.swift in Sources */ = {isa = PBXBuildFile; fileRef = 048CAE271FB210D80010CF20 /* AppDelegate.swift */; };
		048CAE2A1FB210D80010CF20 /* WelcomeVC.swift in Sources */ = {isa = PBXBuildFile; fileRef = 048CAE291FB210D80010CF20 /* WelcomeVC.swift */; };
		048CAE2D1FB210D80010CF20 /* Main.storyboard in Resources */ = {isa = PBXBuildFile; fileRef = 048CAE2B1FB210D80010CF20 /* Main.storyboard */; };
		048CAE2F1FB210D80010CF20 /* Assets.xcassets in Resources */ = {isa = PBXBuildFile; fileRef = 048CAE2E1FB210D80010CF20 /* Assets.xcassets */; };
		048CAE321FB210D80010CF20 /* LaunchScreen.storyboard in Resources */ = {isa = PBXBuildFile; fileRef = 048CAE301FB210D80010CF20 /* LaunchScreen.storyboard */; };
		048CAE3B1FB21C1B0010CF20 /* BorderButton.swift in Sources */ = {isa = PBXBuildFile; fileRef = 048CAE3A1FB21C1B0010CF20 /* BorderButton.swift */; };
/* End PBXBuildFile section */

/* Begin PBXFileReference section */
		044592191FB34CD800993773 /* LeagueVC.swift */ = {isa = PBXFileReference; lastKnownFileType = sourcecode.swift; path = LeagueVC.swift; sourceTree = "<group>"; };
		0445921B1FB34D0500993773 /* SkillVC.swift */ = {isa = PBXFileReference; lastKnownFileType = sourcecode.swift; path = SkillVC.swift; sourceTree = "<group>"; };
		048CAE241FB210D80010CF20 /* app-swoosh.app */ = {isa = PBXFileReference; explicitFileType = wrapper.application; includeInIndex = 0; path = "app-swoosh.app"; sourceTree = BUILT_PRODUCTS_DIR; };
		048CAE271FB210D80010CF20 /* AppDelegate.swift */ = {isa = PBXFileReference; lastKnownFileType = sourcecode.swift; path = AppDelegate.swift; sourceTree = "<group>"; };
		048CAE291FB210D80010CF20 /* WelcomeVC.swift */ = {isa = PBXFileReference; lastKnownFileType = sourcecode.swift; path = WelcomeVC.swift; sourceTree = "<group>"; };
		048CAE2C1FB210D80010CF20 /* Base */ = {isa = PBXFileReference; lastKnownFileType = file.storyboard; name = Base; path = Base.lproj/Main.storyboard; sourceTree = "<group>"; };
		048CAE2E1FB210D80010CF20 /* Assets.xcassets */ = {isa = PBXFileReference; lastKnownFileType = folder.assetcatalog; path = Assets.xcassets; sourceTree = "<group>"; };
		048CAE311FB210D80010CF20 /* Base */ = {isa = PBXFileReference; lastKnownFileType = file.storyboard; name = Base; path = Base.lproj/LaunchScreen.storyboard; sourceTree = "<group>"; };
		048CAE331FB210D80010CF20 /* Info.plist */ = {isa = PBXFileReference; lastKnownFileType = text.plist.xml; path = Info.plist; sourceTree = "<group>"; };
		048CAE3A1FB21C1B0010CF20 /* BorderButton.swift */ = {isa = PBXFileReference; lastKnownFileType = sourcecode.swift; path = BorderButton.swift; sourceTree = "<group>"; };
/* End PBXFileReference section */

/* Begin PBXFrameworksBuildPhase section */
		048CAE211FB210D80010CF20 /* Frameworks */ = {
			isa = PBXFrameworksBuildPhase;
			buildActionMask = 2147483647;
			files = (
			);
			runOnlyForDeploymentPostprocessing = 0;
		};
/* End PBXFrameworksBuildPhase section */

/* Begin PBXGroup section */
		044592171FB34AA800993773 /* Controller */ = {
			isa = PBXGroup;
			children = (
				048CAE291FB210D80010CF20 /* WelcomeVC.swift */,
				044592191FB34CD800993773 /* LeagueVC.swift */,
				0445921B1FB34D0500993773 /* SkillVC.swift */,
			);
			path = Controller;
			sourceTree = "<group>";
		};
		044592181FB34AC000993773 /* Model */ = {
			isa = PBXGroup;
			children = (
			);
			path = Model;
			sourceTree = "<group>";
		};
		048CAE1B1FB210D70010CF20 = {
			isa = PBXGroup;
			children = (
				048CAE261FB210D80010CF20 /* app-swoosh */,
				048CAE251FB210D80010CF20 /* Products */,
			);
			sourceTree = "<group>";
		};
		048CAE251FB210D80010CF20 /* Products */ = {
			isa = PBXGroup;
			children = (
				048CAE241FB210D80010CF20 /* app-swoosh.app */,
			);
			name = Products;
			sourceTree = "<group>";
		};
		048CAE261FB210D80010CF20 /* app-swoosh */ = {
			isa = PBXGroup;
			children = (
				044592181FB34AC000993773 /* Model */,
				044592171FB34AA800993773 /* Controller */,
				048CAE391FB21B560010CF20 /* Views */,
				048CAE271FB210D80010CF20 /* AppDelegate.swift */,
				048CAE2B1FB210D80010CF20 /* Main.storyboard */,
				048CAE2E1FB210D80010CF20 /* Assets.xcassets */,
				048CAE301FB210D80010CF20 /* LaunchScreen.storyboard */,
				048CAE331FB210D80010CF20 /* Info.plist */,
			);
			path = "app-swoosh";
			sourceTree = "<group>";
		};
		048CAE391FB21B560010CF20 /* Views */ = {
			isa = PBXGroup;
			children = (
				048CAE3A1FB21C1B0010CF20 /* BorderButton.swift */,
			);
			path = Views;
			sourceTree = "<group>";
		};
/* End PBXGroup section */

/* Begin PBXNativeTarget section */
		048CAE231FB210D80010CF20 /* app-swoosh */ = {
			isa = PBXNativeTarget;
			buildConfigurationList = 048CAE361FB210D80010CF20 /* Build configuration list for PBXNativeTarget "app-swoosh" */;
			buildPhases = (
				048CAE201FB210D80010CF20 /* Sources */,
				048CAE211FB210D80010CF20 /* Frameworks */,
				048CAE221FB210D80010CF20 /* Resources */,
			);
			buildRules = (
			);
			dependencies = (
			);
			name = "app-swoosh";
			productName = "app-swoosh";
			productReference = 048CAE241FB210D80010CF20 /* app-swoosh.app */;
			productType = "com.apple.product-type.application";
		};
/* End PBXNativeTarget section */

/* Begin PBXProject section */
		048CAE1C1FB210D70010CF20 /* Project object */ = {
			isa = PBXProject;
			attributes = {
				LastSwiftUpdateCheck = 0910;
				LastUpgradeCheck = 0910;
				ORGANIZATIONNAME = TrueJack;
				TargetAttributes = {
					048CAE231FB210D80010CF20 = {
						CreatedOnToolsVersion = 9.1;
						ProvisioningStyle = Automatic;
					};
				};
			};
			buildConfigurationList = 048CAE1F1FB210D70010CF20 /* Build configuration list for PBXProject "app-swoosh" */;
			compatibilityVersion = "Xcode 8.0";
			developmentRegion = en;
			hasScannedForEncodings = 0;
			knownRegions = (
				en,
				Base,
			);
			mainGroup = 048CAE1B1FB210D70010CF20;
			productRefGroup = 048CAE251FB210D80010CF20 /* Products */;
			projectDirPath = "";
			projectRoot = "";
			targets = (
				048CAE231FB210D80010CF20 /* app-swoosh */,
			);
		};
/* End PBXProject section */

/* Begin PBXResourcesBuildPhase section */
		048CAE221FB210D80010CF20 /* Resources */ = {
			isa = PBXResourcesBuildPhase;
			buildActionMask = 2147483647;
			files = (
				048CAE321FB210D80010CF20 /* LaunchScreen.storyboard in Resources */,
				048CAE2F1FB210D80010CF20 /* Assets.xcassets in Resources */,
				048CAE2D1FB210D80010CF20 /* Main.storyboard in Resources */,
			);
			runOnlyForDeploymentPostprocessing = 0;
		};
/* End PBXResourcesBuildPhase section */

/* Begin PBXSourcesBuildPhase section */
		048CAE201FB210D80010CF20 /* Sources */ = {
			isa = PBXSourcesBuildPhase;
			buildActionMask = 2147483647;
			files = (
				048CAE2A1FB210D80010CF20 /* WelcomeVC.swift in Sources */,
				0445921A1FB34CD800993773 /* LeagueVC.swift in Sources */,
				048CAE281FB210D80010CF20 /* AppDelegate.swift in Sources */,
				0445921C1FB34D0500993773 /* SkillVC.swift in Sources */,
				048CAE3B1FB21C1B0010CF20 /* BorderButton.swift in Sources */,
			);
			runOnlyForDeploymentPostprocessing = 0;
		};
/* End PBXSourcesBuildPhase section */

/* Begin PBXVariantGroup section */
		048CAE2B1FB210D80010CF20 /* Main.storyboard */ = {
			isa = PBXVariantGroup;
			children = (
				048CAE2C1FB210D80010CF20 /* Base */,
			);
			name = Main.storyboard;
			sourceTree = "<group>";
		};
		048CAE301FB210D80010CF20 /* LaunchScreen.storyboard */ = {
			isa = PBXVariantGroup;
			children = (
				048CAE311FB210D80010CF20 /* Base */,
			);
			name = LaunchScreen.storyboard;
			sourceTree = "<group>";
		};
/* End PBXVariantGroup section */

/* Begin XCBuildConfiguration section */
		048CAE341FB210D80010CF20 /* Debug */ = {
			isa = XCBuildConfiguration;
			buildSettings = {
				ALWAYS_SEARCH_USER_PATHS = NO;
				CLANG_ANALYZER_NONNULL = YES;
				CLANG_ANALYZER_NUMBER_OBJECT_CONVERSION = YES_AGGRESSIVE;
				CLANG_CXX_LANGUAGE_STANDARD = "gnu++14";
				CLANG_CXX_LIBRARY = "libc++";
				CLANG_ENABLE_MODULES = YES;
				CLANG_ENABLE_OBJC_ARC = YES;
				CLANG_WARN_BLOCK_CAPTURE_AUTORELEASING = YES;
				CLANG_WARN_BOOL_CONVERSION = YES;
				CLANG_WARN_COMMA = YES;
				CLANG_WARN_CONSTANT_CONVERSION = YES;
				CLANG_WARN_DIRECT_OBJC_ISA_USAGE = YES_ERROR;
				CLANG_WARN_DOCUMENTATION_COMMENTS = YES;
				CLANG_WARN_EMPTY_BODY = YES;
				CLANG_WARN_ENUM_CONVERSION = YES;
				CLANG_WARN_INFINITE_RECURSION = YES;
				CLANG_WARN_INT_CONVERSION = YES;
				CLANG_WARN_NON_LITERAL_NULL_CONVERSION = YES;
				CLANG_WARN_OBJC_LITERAL_CONVERSION = YES;
				CLANG_WARN_OBJC_ROOT_CLASS = YES_ERROR;
				CLANG_WARN_RANGE_LOOP_ANALYSIS = YES;
				CLANG_WARN_STRICT_PROTOTYPES = YES;
				CLANG_WARN_SUSPICIOUS_MOVE = YES;
				CLANG_WARN_UNGUARDED_AVAILABILITY = YES_AGGRESSIVE;
				CLANG_WARN_UNREACHABLE_CODE = YES;
				CLANG_WARN__DUPLICATE_METHOD_MATCH = YES;
				CODE_SIGN_IDENTITY = "iPhone Developer";
				COPY_PHASE_STRIP = NO;
				DEBUG_INFORMATION_FORMAT = dwarf;
				ENABLE_STRICT_OBJC_MSGSEND = YES;
				ENABLE_TESTABILITY = YES;
				GCC_C_LANGUAGE_STANDARD = gnu11;
				GCC_DYNAMIC_NO_PIC = NO;
				GCC_NO_COMMON_BLOCKS = YES;
				GCC_OPTIMIZATION_LEVEL = 0;
				GCC_PREPROCESSOR_DEFINITIONS = (
					"DEBUG=1",
					"$(inherited)",
				);
				GCC_WARN_64_TO_32_BIT_CONVERSION = YES;
				GCC_WARN_ABOUT_RETURN_TYPE = YES_ERROR;
				GCC_WARN_UNDECLARED_SELECTOR = YES;
				GCC_WARN_UNINITIALIZED_AUTOS = YES_AGGRESSIVE;
				GCC_WARN_UNUSED_FUNCTION = YES;
				GCC_WARN_UNUSED_VARIABLE = YES;
				IPHONEOS_DEPLOYMENT_TARGET = 11.1;
				MTL_ENABLE_DEBUG_INFO = YES;
				ONLY_ACTIVE_ARCH = YES;
				SDKROOT = iphoneos;
				SWIFT_ACTIVE_COMPILATION_CONDITIONS = DEBUG;
				SWIFT_OPTIMIZATION_LEVEL = "-Onone";
			};
			name = Debug;
		};
		048CAE351FB210D80010CF20 /* Release */ = {
			isa = XCBuildConfiguration;
			buildSettings = {
				ALWAYS_SEARCH_USER_PATHS = NO;
				CLANG_ANALYZER_NONNULL = YES;
				CLANG_ANALYZER_NUMBER_OBJECT_CONVERSION = YES_AGGRESSIVE;
				CLANG_CXX_LANGUAGE_STANDARD = "gnu++14";
				CLANG_CXX_LIBRARY = "libc++";
				CLANG_ENABLE_MODULES = YES;
				CLANG_ENABLE_OBJC_ARC = YES;
				CLANG_WARN_BLOCK_CAPTURE_AUTORELEASING = YES;
				CLANG_WARN_BOOL_CONVERSION = YES;
				CLANG_WARN_COMMA = YES;
				CLANG_WARN_CONSTANT_CONVERSION = YES;
				CLANG_WARN_DIRECT_OBJC_ISA_USAGE = YES_ERROR;
				CLANG_WARN_DOCUMENTATION_COMMENTS = YES;
				CLANG_WARN_EMPTY_BODY = YES;
				CLANG_WARN_ENUM_CONVERSION = YES;
				CLANG_WARN_INFINITE_RECURSION = YES;
				CLANG_WARN_INT_CONVERSION = YES;
				CLANG_WARN_NON_LITERAL_NULL_CONVERSION = YES;
				CLANG_WARN_OBJC_LITERAL_CONVERSION = YES;
				CLANG_WARN_OBJC_ROOT_CLASS = YES_ERROR;
				CLANG_WARN_RANGE_LOOP_ANALYSIS = YES;
				CLANG_WARN_STRICT_PROTOTYPES = YES;
				CLANG_WARN_SUSPICIOUS_MOVE = YES;
				CLANG_WARN_UNGUARDED_AVAILABILITY = YES_AGGRESSIVE;
				CLANG_WARN_UNREACHABLE_CODE = YES;
				CLANG_WARN__DUPLICATE_METHOD_MATCH = YES;
				CODE_SIGN_IDENTITY = "iPhone Developer";
				COPY_PHASE_STRIP = NO;
				DEBUG_INFORMATION_FORMAT = "dwarf-with-dsym";
				ENABLE_NS_ASSERTIONS = NO;
				ENABLE_STRICT_OBJC_MSGSEND = YES;
				GCC_C_LANGUAGE_STANDARD = gnu11;
				GCC_NO_COMMON_BLOCKS = YES;
				GCC_WARN_64_TO_32_BIT_CONVERSION = YES;
				GCC_WARN_ABOUT_RETURN_TYPE = YES_ERROR;
				GCC_WARN_UNDECLARED_SELECTOR = YES;
				GCC_WARN_UNINITIALIZED_AUTOS = YES_AGGRESSIVE;
				GCC_WARN_UNUSED_FUNCTION = YES;
				GCC_WARN_UNUSED_VARIABLE = YES;
				IPHONEOS_DEPLOYMENT_TARGET = 11.1;
				MTL_ENABLE_DEBUG_INFO = NO;
				SDKROOT = iphoneos;
				SWIFT_OPTIMIZATION_LEVEL = "-Owholemodule";
				VALIDATE_PRODUCT = YES;
			};
			name = Release;
		};
		048CAE371FB210D80010CF20 /* Debug */ = {
			isa = XCBuildConfiguration;
			buildSettings = {
				ASSETCATALOG_COMPILER_APPICON_NAME = AppIcon;
				CODE_SIGN_STYLE = Automatic;
				DEVELOPMENT_TEAM = SZDWE9LNPH;
				INFOPLIST_FILE = "app-swoosh/Info.plist";
				LD_RUNPATH_SEARCH_PATHS = "$(inherited) @executable_path/Frameworks";
				PRODUCT_BUNDLE_IDENTIFIER = "tj.app-swoosh";
				PRODUCT_NAME = "$(TARGET_NAME)";
				SWIFT_VERSION = 4.0;
				TARGETED_DEVICE_FAMILY = "1,2";
			};
			name = Debug;
		};
		048CAE381FB210D80010CF20 /* Release */ = {
			isa = XCBuildConfiguration;
			buildSettings = {
				ASSETCATALOG_COMPILER_APPICON_NAME = AppIcon;
				CODE_SIGN_STYLE = Automatic;
				DEVELOPMENT_TEAM = SZDWE9LNPH;
				INFOPLIST_FILE = "app-swoosh/Info.plist";
				LD_RUNPATH_SEARCH_PATHS = "$(inherited) @executable_path/Frameworks";
				PRODUCT_BUNDLE_IDENTIFIER = "tj.app-swoosh";
				PRODUCT_NAME = "$(TARGET_NAME)";
				SWIFT_VERSION = 4.0;
				TARGETED_DEVICE_FAMILY = "1,2";
			};
			name = Release;
		};
/* End XCBuildConfiguration section */

/* Begin XCConfigurationList section */
		048CAE1F1FB210D70010CF20 /* Build configuration list for PBXProject "app-swoosh" */ = {
			isa = XCConfigurationList;
			buildConfigurations = (
				048CAE341FB210D80010CF20 /* Debug */,
				048CAE351FB210D80010CF20 /* Release */,
			);
			defaultConfigurationIsVisible = 0;
			defaultConfigurationName = Release;
		};
		048CAE361FB210D80010CF20 /* Build configuration list for PBXNativeTarget "app-swoosh" */ = {
			isa = XCConfigurationList;
			buildConfigurations = (
				048CAE371FB210D80010CF20 /* Debug */,
				048CAE381FB210D80010CF20 /* Release */,
			);
			defaultConfigurationIsVisible = 0;
			defaultConfigurationName = Release;
		};
/* End XCConfigurationList section */
	};
	rootObject = 048CAE1C1FB210D70010CF20 /* Project object */;
}
